
Microsoft Visual Studio Solution File, Format Version 12.00
# Visual Studio Version 16
VisualStudioVersion = 16.0.32126.315
MinimumVisualStudioVersion = 10.0.40219.1
Project("{FAE04EC0-301F-11D3-BF4B-00C04F79EFBC}") = "DotNet6ConsoleApp", "DotNet6ConsoleApp\DotNet6ConsoleApp.csproj", "{C6F33C5B-9DF9-4638-90EC-BC7018CB114B}"
EndProject
Global
	GlobalSection(SolutionConfigurationPlatforms) = preSolution
		Debug|Any CPU = Debug|Any CPU
		Release|Any CPU = Release|Any CPU
	EndGlobalSection
	GlobalSection(ProjectConfigurationPlatforms) = postSolution
		{C6F33C5B-9DF9-4638-90EC-BC7018CB114B}.Debug|Any CPU.ActiveCfg = Debug|Any CPU
		{C6F33C5B-9DF9-4638-90EC-BC7018CB114B}.Debug|Any CPU.Build.0 = Debug|Any CPU
		{C6F33C5B-9DF9-4638-90EC-BC7018CB114B}.Release|Any CPU.ActiveCfg = Release|Any CPU
		{C6F33C5B-9DF9-4638-90EC-BC7018CB114B}.Release|Any CPU.Build.0 = Release|Any CPU
	EndGlobalSection
	GlobalSection(SolutionProperties) = preSolution
		HideSolutionNode = FALSE
	EndGlobalSection
	GlobalSection(ExtensibilityGlobals) = postSolution
		SolutionGuid = {A7AA8879-0348-4FF6-AF81-5FA34EC4A9E1}
	EndGlobalSection
EndGlobal
